// !$*UTF8*$!
{
	archiveVersion = 1;
	classes = {
	};
	objectVersion = 46;
	objects = {

/* Begin PBXBuildFile section */
		9BABD75A1D3CF9090004E8B4 /* AppDelegate.swift in Sources */ = {isa = PBXBuildFile; fileRef = 9BABD7591D3CF9090004E8B4 /* AppDelegate.swift */; };
		9BABD75C1D3CF9090004E8B4 /* CaptureViewController.swift in Sources */ = {isa = PBXBuildFile; fileRef = 9BABD75B1D3CF9090004E8B4 /* CaptureViewController.swift */; };
		9BABD75F1D3CF9090004E8B4 /* Main.storyboard in Resources */ = {isa = PBXBuildFile; fileRef = 9BABD75D1D3CF9090004E8B4 /* Main.storyboard */; };
		9BABD7611D3CF9090004E8B4 /* Assets.xcassets in Resources */ = {isa = PBXBuildFile; fileRef = 9BABD7601D3CF9090004E8B4 /* Assets.xcassets */; };
		9BABD7641D3CF9090004E8B4 /* LaunchScreen.storyboard in Resources */ = {isa = PBXBuildFile; fileRef = 9BABD7621D3CF9090004E8B4 /* LaunchScreen.storyboard */; };
		9BABD76C1D3CFF810004E8B4 /* AVFoundation.framework in Frameworks */ = {isa = PBXBuildFile; fileRef = 9BABD76B1D3CFF810004E8B4 /* AVFoundation.framework */; };
		9BF1E5AA1D3FAF0500301C04 /* HSRecordingManager.swift in Sources */ = {isa = PBXBuildFile; fileRef = 9BF1E5A91D3FAF0500301C04 /* HSRecordingManager.swift */; };
		9BF1E5AC1D3FB09B00301C04 /* NSURLExtension.swift in Sources */ = {isa = PBXBuildFile; fileRef = 9BF1E5AB1D3FB09B00301C04 /* NSURLExtension.swift */; };
		9BF1E5AE1D3FB29800301C04 /* HSOverlayPreview.swift in Sources */ = {isa = PBXBuildFile; fileRef = 9BF1E5AD1D3FB29800301C04 /* HSOverlayPreview.swift */; };
		9BF1E5B41D3FBAEB00301C04 /* HSVideoCropManager.swift in Sources */ = {isa = PBXBuildFile; fileRef = 9BF1E5B31D3FBAEB00301C04 /* HSVideoCropManager.swift */; };
		9BF1E5B71D3FBBEA00301C04 /* HSSaveManager.swift in Sources */ = {isa = PBXBuildFile; fileRef = 9BF1E5B61D3FBBEA00301C04 /* HSSaveManager.swift */; };
/* End PBXBuildFile section */

/* Begin PBXFileReference section */
		9BABD7561D3CF9090004E8B4 /* CameraCaptureVideo.app */ = {isa = PBXFileReference; explicitFileType = wrapper.application; includeInIndex = 0; path = CameraCaptureVideo.app; sourceTree = BUILT_PRODUCTS_DIR; };
		9BABD7591D3CF9090004E8B4 /* AppDelegate.swift */ = {isa = PBXFileReference; lastKnownFileType = sourcecode.swift; path = AppDelegate.swift; sourceTree = "<group>"; };
		9BABD75B1D3CF9090004E8B4 /* CaptureViewController.swift */ = {isa = PBXFileReference; lastKnownFileType = sourcecode.swift; path = CaptureViewController.swift; sourceTree = "<group>"; };
		9BABD75E1D3CF9090004E8B4 /* Base */ = {isa = PBXFileReference; lastKnownFileType = file.storyboard; name = Base; path = Base.lproj/Main.storyboard; sourceTree = "<group>"; };
		9BABD7601D3CF9090004E8B4 /* Assets.xcassets */ = {isa = PBXFileReference; lastKnownFileType = folder.assetcatalog; path = Assets.xcassets; sourceTree = "<group>"; };
		9BABD7631D3CF9090004E8B4 /* Base */ = {isa = PBXFileReference; lastKnownFileType = file.storyboard; name = Base; path = Base.lproj/LaunchScreen.storyboard; sourceTree = "<group>"; };
		9BABD7651D3CF9090004E8B4 /* Info.plist */ = {isa = PBXFileReference; lastKnownFileType = text.plist.xml; path = Info.plist; sourceTree = "<group>"; };
		9BABD76B1D3CFF810004E8B4 /* AVFoundation.framework */ = {isa = PBXFileReference; lastKnownFileType = wrapper.framework; name = AVFoundation.framework; path = System/Library/Frameworks/AVFoundation.framework; sourceTree = SDKROOT; };
		9BF1E5A91D3FAF0500301C04 /* HSRecordingManager.swift */ = {isa = PBXFileReference; fileEncoding = 4; lastKnownFileType = sourcecode.swift; path = HSRecordingManager.swift; sourceTree = "<group>"; };
		9BF1E5AB1D3FB09B00301C04 /* NSURLExtension.swift */ = {isa = PBXFileReference; fileEncoding = 4; lastKnownFileType = sourcecode.swift; path = NSURLExtension.swift; sourceTree = "<group>"; };
		9BF1E5AD1D3FB29800301C04 /* HSOverlayPreview.swift */ = {isa = PBXFileReference; fileEncoding = 4; lastKnownFileType = sourcecode.swift; path = HSOverlayPreview.swift; sourceTree = "<group>"; };
		9BF1E5B31D3FBAEB00301C04 /* HSVideoCropManager.swift */ = {isa = PBXFileReference; fileEncoding = 4; lastKnownFileType = sourcecode.swift; path = HSVideoCropManager.swift; sourceTree = "<group>"; };
		9BF1E5B61D3FBBEA00301C04 /* HSSaveManager.swift */ = {isa = PBXFileReference; fileEncoding = 4; lastKnownFileType = sourcecode.swift; path = HSSaveManager.swift; sourceTree = "<group>"; };
/* End PBXFileReference section */

/* Begin PBXFrameworksBuildPhase section */
		9BABD7531D3CF9090004E8B4 /* Frameworks */ = {
			isa = PBXFrameworksBuildPhase;
			buildActionMask = 2147483647;
			files = (
				9BABD76C1D3CFF810004E8B4 /* AVFoundation.framework in Frameworks */,
			);
			runOnlyForDeploymentPostprocessing = 0;
		};
/* End PBXFrameworksBuildPhase section */

/* Begin PBXGroup section */
		9BABD74D1D3CF9090004E8B4 = {
			isa = PBXGroup;
			children = (
				9BABD7581D3CF9090004E8B4 /* CameraCaptureVideo */,
				9BABD76D1D3CFF8E0004E8B4 /* Frameworks */,
				9BABD7571D3CF9090004E8B4 /* Products */,
			);
			sourceTree = "<group>";
		};
		9BABD7571D3CF9090004E8B4 /* Products */ = {
			isa = PBXGroup;
			children = (
				9BABD7561D3CF9090004E8B4 /* CameraCaptureVideo.app */,
			);
			name = Products;
			sourceTree = "<group>";
		};
		9BABD7581D3CF9090004E8B4 /* CameraCaptureVideo */ = {
			isa = PBXGroup;
			children = (
				9BABD7591D3CF9090004E8B4 /* AppDelegate.swift */,
				9BF1E5AF1D3FBA8A00301C04 /* Main */,
				9BF1E5B51D3FBB7900301C04 /* Capture&Proccessing */,
				9BF1E5B01D3FBA9000301C04 /* Preview */,
				9BF1E5B11D3FBA9B00301C04 /* Extensions */,
				9BF1E5B21D3FBAAE00301C04 /* Supporting Files */,
			);
			path = CameraCaptureVideo;
			sourceTree = "<group>";
		};
		9BABD76D1D3CFF8E0004E8B4 /* Frameworks */ = {
			isa = PBXGroup;
			children = (
				9BABD76B1D3CFF810004E8B4 /* AVFoundation.framework */,
			);
			name = Frameworks;
			sourceTree = "<group>";
		};
		9BF1E5AF1D3FBA8A00301C04 /* Main */ = {
			isa = PBXGroup;
			children = (
				9BABD75B1D3CF9090004E8B4 /* CaptureViewController.swift */,
			);
			name = Main;
			sourceTree = "<group>";
		};
		9BF1E5B01D3FBA9000301C04 /* Preview */ = {
			isa = PBXGroup;
			children = (
				9BF1E5AD1D3FB29800301C04 /* HSOverlayPreview.swift */,
			);
			name = Preview;
			sourceTree = "<group>";
		};
		9BF1E5B11D3FBA9B00301C04 /* Extensions */ = {
			isa = PBXGroup;
			children = (
				9BF1E5AB1D3FB09B00301C04 /* NSURLExtension.swift */,
			);
			name = Extensions;
			sourceTree = "<group>";
		};
		9BF1E5B21D3FBAAE00301C04 /* Supporting Files */ = {
			isa = PBXGroup;
			children = (
				9BABD75D1D3CF9090004E8B4 /* Main.storyboard */,
				9BABD7601D3CF9090004E8B4 /* Assets.xcassets */,
				9BABD7621D3CF9090004E8B4 /* LaunchScreen.storyboard */,
				9BABD7651D3CF9090004E8B4 /* Info.plist */,
			);
			name = "Supporting Files";
			sourceTree = "<group>";
		};
		9BF1E5B51D3FBB7900301C04 /* Capture&Proccessing */ = {
			isa = PBXGroup;
			children = (
				9BF1E5A91D3FAF0500301C04 /* HSRecordingManager.swift */,
				9BF1E5B31D3FBAEB00301C04 /* HSVideoCropManager.swift */,
				9BF1E5B61D3FBBEA00301C04 /* HSSaveManager.swift */,
			);
			name = "Capture&Proccessing";
			sourceTree = "<group>";
		};
/* End PBXGroup section */

/* Begin PBXNativeTarget section */
		9BABD7551D3CF9090004E8B4 /* CameraCaptureVideo */ = {
			isa = PBXNativeTarget;
			buildConfigurationList = 9BABD7681D3CF9090004E8B4 /* Build configuration list for PBXNativeTarget "CameraCaptureVideo" */;
			buildPhases = (
				9BABD7521D3CF9090004E8B4 /* Sources */,
				9BABD7531D3CF9090004E8B4 /* Frameworks */,
				9BABD7541D3CF9090004E8B4 /* Resources */,
			);
			buildRules = (
			);
			dependencies = (
			);
			name = CameraCaptureVideo;
			productName = CameraCaptureVideo;
			productReference = 9BABD7561D3CF9090004E8B4 /* CameraCaptureVideo.app */;
			productType = "com.apple.product-type.application";
		};
/* End PBXNativeTarget section */

/* Begin PBXProject section */
		9BABD74E1D3CF9090004E8B4 /* Project object */ = {
			isa = PBXProject;
			attributes = {
				LastSwiftUpdateCheck = 0730;
				LastUpgradeCheck = 0730;
				ORGANIZATIONNAME = "Hellen Soloviy";
				TargetAttributes = {
					9BABD7551D3CF9090004E8B4 = {
						CreatedOnToolsVersion = 7.3.1;
						DevelopmentTeam = 57NTVVM6G2;
					};
				};
			};
			buildConfigurationList = 9BABD7511D3CF9090004E8B4 /* Build configuration list for PBXProject "CameraCaptureVideo" */;
			compatibilityVersion = "Xcode 3.2";
			developmentRegion = English;
			hasScannedForEncodings = 0;
			knownRegions = (
				en,
				Base,
			);
			mainGroup = 9BABD74D1D3CF9090004E8B4;
			productRefGroup = 9BABD7571D3CF9090004E8B4 /* Products */;
			projectDirPath = "";
			projectRoot = "";
			targets = (
				9BABD7551D3CF9090004E8B4 /* CameraCaptureVideo */,
			);
		};
/* End PBXProject section */

/* Begin PBXResourcesBuildPhase section */
		9BABD7541D3CF9090004E8B4 /* Resources */ = {
			isa = PBXResourcesBuildPhase;
			buildActionMask = 2147483647;
			files = (
				9BABD7641D3CF9090004E8B4 /* LaunchScreen.storyboard in Resources */,
				9BABD7611D3CF9090004E8B4 /* Assets.xcassets in Resources */,
				9BABD75F1D3CF9090004E8B4 /* Main.storyboard in Resources */,
			);
			runOnlyForDeploymentPostprocessing = 0;
		};
/* End PBXResourcesBuildPhase section */

/* Begin PBXSourcesBuildPhase section */
		9BABD7521D3CF9090004E8B4 /* Sources */ = {
			isa = PBXSourcesBuildPhase;
			buildActionMask = 2147483647;
			files = (
				9BF1E5B41D3FBAEB00301C04 /* HSVideoCropManager.swift in Sources */,
				9BF1E5B71D3FBBEA00301C04 /* HSSaveManager.swift in Sources */,
				9BF1E5AE1D3FB29800301C04 /* HSOverlayPreview.swift in Sources */,
				9BF1E5AC1D3FB09B00301C04 /* NSURLExtension.swift in Sources */,
				9BABD75C1D3CF9090004E8B4 /* CaptureViewController.swift in Sources */,
				9BABD75A1D3CF9090004E8B4 /* AppDelegate.swift in Sources */,
				9BF1E5AA1D3FAF0500301C04 /* HSRecordingManager.swift in Sources */,
			);
			runOnlyForDeploymentPostprocessing = 0;
		};
/* End PBXSourcesBuildPhase section */

/* Begin PBXVariantGroup section */
		9BABD75D1D3CF9090004E8B4 /* Main.storyboard */ = {
			isa = PBXVariantGroup;
			children = (
				9BABD75E1D3CF9090004E8B4 /* Base */,
			);
			name = Main.storyboard;
			sourceTree = "<group>";
		};
		9BABD7621D3CF9090004E8B4 /* LaunchScreen.storyboard */ = {
			isa = PBXVariantGroup;
			children = (
				9BABD7631D3CF9090004E8B4 /* Base */,
			);
			name = LaunchScreen.storyboard;
			sourceTree = "<group>";
		};
/* End PBXVariantGroup section */

/* Begin XCBuildConfiguration section */
		9BABD7661D3CF9090004E8B4 /* Debug */ = {
			isa = XCBuildConfiguration;
			buildSettings = {
				ALWAYS_SEARCH_USER_PATHS = NO;
				CLANG_ANALYZER_NONNULL = YES;
				CLANG_CXX_LANGUAGE_STANDARD = "gnu++0x";
				CLANG_CXX_LIBRARY = "libc++";
				CLANG_ENABLE_MODULES = YES;
				CLANG_ENABLE_OBJC_ARC = YES;
				CLANG_WARN_BOOL_CONVERSION = YES;
				CLANG_WARN_CONSTANT_CONVERSION = YES;
				CLANG_WARN_DIRECT_OBJC_ISA_USAGE = YES_ERROR;
				CLANG_WARN_EMPTY_BODY = YES;
				CLANG_WARN_ENUM_CONVERSION = YES;
				CLANG_WARN_INT_CONVERSION = YES;
				CLANG_WARN_OBJC_ROOT_CLASS = YES_ERROR;
				CLANG_WARN_UNREACHABLE_CODE = YES;
				CLANG_WARN__DUPLICATE_METHOD_MATCH = YES;
				"CODE_SIGN_IDENTITY[sdk=iphoneos*]" = "iPhone Developer";
				COPY_PHASE_STRIP = NO;
				DEBUG_INFORMATION_FORMAT = dwarf;
				ENABLE_STRICT_OBJC_MSGSEND = YES;
				ENABLE_TESTABILITY = YES;
				GCC_C_LANGUAGE_STANDARD = gnu99;
				GCC_DYNAMIC_NO_PIC = NO;
				GCC_NO_COMMON_BLOCKS = YES;
				GCC_OPTIMIZATION_LEVEL = 0;
				GCC_PREPROCESSOR_DEFINITIONS = (
					"DEBUG=1",
					"$(inherited)",
				);
				GCC_WARN_64_TO_32_BIT_CONVERSION = YES;
				GCC_WARN_ABOUT_RETURN_TYPE = YES_ERROR;
				GCC_WARN_UNDECLARED_SELECTOR = YES;
				GCC_WARN_UNINITIALIZED_AUTOS = YES_AGGRESSIVE;
				GCC_WARN_UNUSED_FUNCTION = YES;
				GCC_WARN_UNUSED_VARIABLE = YES;
				IPHONEOS_DEPLOYMENT_TARGET = 9.3;
				MTL_ENABLE_DEBUG_INFO = YES;
				ONLY_ACTIVE_ARCH = YES;
				SDKROOT = iphoneos;
				SWIFT_OPTIMIZATION_LEVEL = "-Onone";
			};
			name = Debug;
		};
		9BABD7671D3CF9090004E8B4 /* Release */ = {
			isa = XCBuildConfiguration;
			buildSettings = {
				ALWAYS_SEARCH_USER_PATHS = NO;
				CLANG_ANALYZER_NONNULL = YES;
				CLANG_CXX_LANGUAGE_STANDARD = "gnu++0x";
				CLANG_CXX_LIBRARY = "libc++";
				CLANG_ENABLE_MODULES = YES;
				CLANG_ENABLE_OBJC_ARC = YES;
				CLANG_WARN_BOOL_CONVERSION = YES;
				CLANG_WARN_CONSTANT_CONVERSION = YES;
				CLANG_WARN_DIRECT_OBJC_ISA_USAGE = YES_ERROR;
				CLANG_WARN_EMPTY_BODY = YES;
				CLANG_WARN_ENUM_CONVERSION = YES;
				CLANG_WARN_INT_CONVERSION = YES;
				CLANG_WARN_OBJC_ROOT_CLASS = YES_ERROR;
				CLANG_WARN_UNREACHABLE_CODE = YES;
				CLANG_WARN__DUPLICATE_METHOD_MATCH = YES;
				"CODE_SIGN_IDENTITY[sdk=iphoneos*]" = "iPhone Developer";
				COPY_PHASE_STRIP = NO;
				DEBUG_INFORMATION_FORMAT = "dwarf-with-dsym";
				ENABLE_NS_ASSERTIONS = NO;
				ENABLE_STRICT_OBJC_MSGSEND = YES;
				GCC_C_LANGUAGE_STANDARD = gnu99;
				GCC_NO_COMMON_BLOCKS = YES;
				GCC_WARN_64_TO_32_BIT_CONVERSION = YES;
				GCC_WARN_ABOUT_RETURN_TYPE = YES_ERROR;
				GCC_WARN_UNDECLARED_SELECTOR = YES;
				GCC_WARN_UNINITIALIZED_AUTOS = YES_AGGRESSIVE;
				GCC_WARN_UNUSED_FUNCTION = YES;
				GCC_WARN_UNUSED_VARIABLE = YES;
				IPHONEOS_DEPLOYMENT_TARGET = 9.3;
				MTL_ENABLE_DEBUG_INFO = NO;
				SDKROOT = iphoneos;
				VALIDATE_PRODUCT = YES;
			};
			name = Release;
		};
		9BABD7691D3CF9090004E8B4 /* Debug */ = {
			isa = XCBuildConfiguration;
			buildSettings = {
				ASSETCATALOG_COMPILER_APPICON_NAME = AppIcon;
				CODE_SIGN_IDENTITY = "iPhone Developer";
				"CODE_SIGN_IDENTITY[sdk=iphoneos*]" = "iPhone Developer";
				INFOPLIST_FILE = CameraCaptureVideo/Info.plist;
				IPHONEOS_DEPLOYMENT_TARGET = 8.0;
				LD_RUNPATH_SEARCH_PATHS = "$(inherited) @executable_path/Frameworks";
				PRODUCT_BUNDLE_IDENTIFIER = com.regionit.swift.CameraCaptureVideo;
				PRODUCT_NAME = "$(TARGET_NAME)";
				PROVISIONING_PROFILE = "";
			};
			name = Debug;
		};
		9BABD76A1D3CF9090004E8B4 /* Release */ = {
			isa = XCBuildConfiguration;
			buildSettings = {
				ASSETCATALOG_COMPILER_APPICON_NAME = AppIcon;
				CODE_SIGN_IDENTITY = "iPhone Developer";
				"CODE_SIGN_IDENTITY[sdk=iphoneos*]" = "iPhone Developer";
				INFOPLIST_FILE = CameraCaptureVideo/Info.plist;
				IPHONEOS_DEPLOYMENT_TARGET = 8.0;
				LD_RUNPATH_SEARCH_PATHS = "$(inherited) @executable_path/Frameworks";
				PRODUCT_BUNDLE_IDENTIFIER = com.regionit.swift.CameraCaptureVideo;
				PRODUCT_NAME = "$(TARGET_NAME)";
				PROVISIONING_PROFILE = "";
			};
			name = Release;
		};
/* End XCBuildConfiguration section */

/* Begin XCConfigurationList section */
		9BABD7511D3CF9090004E8B4 /* Build configuration list for PBXProject "CameraCaptureVideo" */ = {
			isa = XCConfigurationList;
			buildConfigurations = (
				9BABD7661D3CF9090004E8B4 /* Debug */,
				9BABD7671D3CF9090004E8B4 /* Release */,
			);
			defaultConfigurationIsVisible = 0;
			defaultConfigurationName = Release;
		};
		9BABD7681D3CF9090004E8B4 /* Build configuration list for PBXNativeTarget "CameraCaptureVideo" */ = {
			isa = XCConfigurationList;
			buildConfigurations = (
				9BABD7691D3CF9090004E8B4 /* Debug */,
				9BABD76A1D3CF9090004E8B4 /* Release */,
			);
			defaultConfigurationIsVisible = 0;
			defaultConfigurationName = Release;
		};
/* End XCConfigurationList section */
	};
	rootObject = 9BABD74E1D3CF9090004E8B4 /* Project object */;
}
